
Microsoft Visual Studio Solution File, Format Version 12.00
# Visual Studio Version 17
VisualStudioVersion = 17.4.33213.308
MinimumVisualStudioVersion = 10.0.40219.1
Project("{9A19103F-16F7-4668-BE54-9A1E7A4F7556}") = "sem3", "sem3.csproj", "{253A0000-51E5-4FF8-98C4-6E0871E0CE68}"
EndProject
Global
	GlobalSection(SolutionConfigurationPlatforms) = preSolution
		Debug|Any CPU = Debug|Any CPU
		Release|Any CPU = Release|Any CPU
	EndGlobalSection
	GlobalSection(ProjectConfigurationPlatforms) = postSolution
		{253A0000-51E5-4FF8-98C4-6E0871E0CE68}.Debug|Any CPU.ActiveCfg = Debug|Any CPU
		{253A0000-51E5-4FF8-98C4-6E0871E0CE68}.Debug|Any CPU.Build.0 = Debug|Any CPU
		{253A0000-51E5-4FF8-98C4-6E0871E0CE68}.Release|Any CPU.ActiveCfg = Release|Any CPU
		{253A0000-51E5-4FF8-98C4-6E0871E0CE68}.Release|Any CPU.Build.0 = Release|Any CPU
	EndGlobalSection
	GlobalSection(SolutionProperties) = preSolution
		HideSolutionNode = FALSE
	EndGlobalSection
	GlobalSection(ExtensibilityGlobals) = postSolution
		SolutionGuid = {27D0C806-6626-4359-9F4C-2EA51EA09B41}
	EndGlobalSection
EndGlobal
